
Microsoft Visual Studio Solution File, Format Version 12.00
# Visual Studio Version 16
VisualStudioVersion = 16.0.31410.357
MinimumVisualStudioVersion = 10.0.40219.1
Project("{8BC9CEB8-8B4A-11D0-8D11-00A0C91BC942}") = "Strings", "Strings.vcxproj", "{EFBB8F6E-6388-4448-9E00-D5D8F2DCD69F}"
EndProject
Global
	GlobalSection(SolutionConfigurationPlatforms) = preSolution
		Debug|x64 = Debug|x64
		Debug|x86 = Debug|x86
		Release|x64 = Release|x64
		Release|x86 = Release|x86
	EndGlobalSection
	GlobalSection(ProjectConfigurationPlatforms) = postSolution
		{EFBB8F6E-6388-4448-9E00-D5D8F2DCD69F}.Debug|x64.ActiveCfg = Debug|x64
		{EFBB8F6E-6388-4448-9E00-D5D8F2DCD69F}.Debug|x64.Build.0 = Debug|x64
		{EFBB8F6E-6388-4448-9E00-D5D8F2DCD69F}.Debug|x86.ActiveCfg = Debug|Win32
		{EFBB8F6E-6388-4448-9E00-D5D8F2DCD69F}.Debug|x86.Build.0 = Debug|Win32
		{EFBB8F6E-6388-4448-9E00-D5D8F2DCD69F}.Release|x64.ActiveCfg = Release|x64
		{EFBB8F6E-6388-4448-9E00-D5D8F2DCD69F}.Release|x64.Build.0 = Release|x64
		{EFBB8F6E-6388-4448-9E00-D5D8F2DCD69F}.Release|x86.ActiveCfg = Release|Win32
		{EFBB8F6E-6388-4448-9E00-D5D8F2DCD69F}.Release|x86.Build.0 = Release|Win32
	EndGlobalSection
	GlobalSection(SolutionProperties) = preSolution
		HideSolutionNode = FALSE
	EndGlobalSection
	GlobalSection(ExtensibilityGlobals) = postSolution
		SolutionGuid = {500FC113-D791-4D33-A701-6F7C4B05396A}
	EndGlobalSection
EndGlobal
